
Microsoft Visual Studio Solution File, Format Version 12.00
# Visual Studio Version 17
VisualStudioVersion = 17.7.34024.191
MinimumVisualStudioVersion = 10.0.40219.1
Project("{8BC9CEB8-8B4A-11D0-8D11-00A0C91BC942}") = "lab_06.3", "lab_06.3.vcxproj", "{3D744CAB-BBBE-425F-849D-D9BCAD2B919D}"
EndProject
Project("{8BC9CEB8-8B4A-11D0-8D11-00A0C91BC942}") = "UnitTest7", "..\UnitTest7\UnitTest7.vcxproj", "{CA69B483-7F36-49F0-9B77-FC468053DD2A}"
EndProject
Global
	GlobalSection(SolutionConfigurationPlatforms) = preSolution
		Debug|x64 = Debug|x64
		Debug|x86 = Debug|x86
		Release|x64 = Release|x64
		Release|x86 = Release|x86
	EndGlobalSection
	GlobalSection(ProjectConfigurationPlatforms) = postSolution
		{3D744CAB-BBBE-425F-849D-D9BCAD2B919D}.Debug|x64.ActiveCfg = Debug|x64
		{3D744CAB-BBBE-425F-849D-D9BCAD2B919D}.Debug|x64.Build.0 = Debug|x64
		{3D744CAB-BBBE-425F-849D-D9BCAD2B919D}.Debug|x86.ActiveCfg = Debug|Win32
		{3D744CAB-BBBE-425F-849D-D9BCAD2B919D}.Debug|x86.Build.0 = Debug|Win32
		{3D744CAB-BBBE-425F-849D-D9BCAD2B919D}.Release|x64.ActiveCfg = Release|x64
		{3D744CAB-BBBE-425F-849D-D9BCAD2B919D}.Release|x64.Build.0 = Release|x64
		{3D744CAB-BBBE-425F-849D-D9BCAD2B919D}.Release|x86.ActiveCfg = Release|Win32
		{3D744CAB-BBBE-425F-849D-D9BCAD2B919D}.Release|x86.Build.0 = Release|Win32
		{CA69B483-7F36-49F0-9B77-FC468053DD2A}.Debug|x64.ActiveCfg = Debug|x64
		{CA69B483-7F36-49F0-9B77-FC468053DD2A}.Debug|x64.Build.0 = Debug|x64
		{CA69B483-7F36-49F0-9B77-FC468053DD2A}.Debug|x86.ActiveCfg = Debug|Win32
		{CA69B483-7F36-49F0-9B77-FC468053DD2A}.Debug|x86.Build.0 = Debug|Win32
		{CA69B483-7F36-49F0-9B77-FC468053DD2A}.Release|x64.ActiveCfg = Release|x64
		{CA69B483-7F36-49F0-9B77-FC468053DD2A}.Release|x64.Build.0 = Release|x64
		{CA69B483-7F36-49F0-9B77-FC468053DD2A}.Release|x86.ActiveCfg = Release|Win32
		{CA69B483-7F36-49F0-9B77-FC468053DD2A}.Release|x86.Build.0 = Release|Win32
	EndGlobalSection
	GlobalSection(SolutionProperties) = preSolution
		HideSolutionNode = FALSE
	EndGlobalSection
	GlobalSection(ExtensibilityGlobals) = postSolution
		SolutionGuid = {9595685D-4A1D-45D3-A11B-D1433BDE3224}
	EndGlobalSection
EndGlobal
